
Microsoft Visual Studio Solution File, Format Version 12.00
# Visual Studio Version 16
VisualStudioVersion = 16.0.30114.105
MinimumVisualStudioVersion = 10.0.40219.1
Project("{FAE04EC0-301F-11D3-BF4B-00C04F79EFBC}") = "ComunicadoSinistroDigital", "ComunicadoSinistroDigital.csproj", "{339F9E05-901C-4A4D-82B8-CD5C472B009E}"
EndProject
Global
	GlobalSection(SolutionConfigurationPlatforms) = preSolution
		Debug|Any CPU = Debug|Any CPU
		Release|Any CPU = Release|Any CPU
	EndGlobalSection
	GlobalSection(SolutionProperties) = preSolution
		HideSolutionNode = FALSE
	EndGlobalSection
	GlobalSection(ProjectConfigurationPlatforms) = postSolution
		{339F9E05-901C-4A4D-82B8-CD5C472B009E}.Debug|Any CPU.ActiveCfg = Debug|Any CPU
		{339F9E05-901C-4A4D-82B8-CD5C472B009E}.Debug|Any CPU.Build.0 = Debug|Any CPU
		{339F9E05-901C-4A4D-82B8-CD5C472B009E}.Release|Any CPU.ActiveCfg = Release|Any CPU
		{339F9E05-901C-4A4D-82B8-CD5C472B009E}.Release|Any CPU.Build.0 = Release|Any CPU
	EndGlobalSection
EndGlobal
